
Microsoft Visual Studio Solution File, Format Version 12.00
# Visual Studio Version 16
VisualStudioVersion = 16.0.809.5
MinimumVisualStudioVersion = 10.0.40219.1
Project("{FAE04EC0-301F-11D3-BF4B-00C04F79EFBC}") = "Lambda", "Lambda\Lambda.csproj", "{B599F07C-108E-43A6-A925-64EDE0A2D218}"
EndProject
Global
	GlobalSection(SolutionConfigurationPlatforms) = preSolution
		Debug|Any CPU = Debug|Any CPU
		Release|Any CPU = Release|Any CPU
	EndGlobalSection
	GlobalSection(ProjectConfigurationPlatforms) = postSolution
		{B599F07C-108E-43A6-A925-64EDE0A2D218}.Debug|Any CPU.ActiveCfg = Debug|Any CPU
		{B599F07C-108E-43A6-A925-64EDE0A2D218}.Debug|Any CPU.Build.0 = Debug|Any CPU
		{B599F07C-108E-43A6-A925-64EDE0A2D218}.Release|Any CPU.ActiveCfg = Release|Any CPU
		{B599F07C-108E-43A6-A925-64EDE0A2D218}.Release|Any CPU.Build.0 = Release|Any CPU
	EndGlobalSection
	GlobalSection(SolutionProperties) = preSolution
		HideSolutionNode = FALSE
	EndGlobalSection
	GlobalSection(ExtensibilityGlobals) = postSolution
		SolutionGuid = {3F396CD8-5EEB-4724-BE87-5157FD09C275}
	EndGlobalSection
EndGlobal
